{
  "version": "3",
  "packages": {
    "specifiers": {
      "npm:@types/node": "npm:@types/node@18.15.5",
      "npm:jsdom": "npm:jsdom@24.0.0"
    },
    "npm": {
      "@types/node@18.15.5": {
        "integrity": "sha512-Ark2WDjjZO7GmvsyFFf81MXuGTA/d6oP38anyxWOL6EREyBKAxKoFHwBhaZxCfLRLpO8JgVXwqOwSwa7jRcjew==",
        "dependencies": {}
      },
      "agent-base@7.1.0": {
        "integrity": "sha512-o/zjMZRhJxny7OyEF+Op8X+efiELC7k7yOjMzgfzVqOzXqkBkWI79YoTdOtsuWd5BWhAGAuOY/Xa6xpiaWXiNg==",
        "dependencies": {
          "debug": "debug@4.3.4"
        }
      },
      "asynckit@0.4.0": {
        "integrity": "sha512-Oei9OH4tRh0YqU3GxhX79dM/mwVgvbZJaSNaRk+bshkj0S5cfHcgYakreBjrHwatXKbz+IoIdYLxrKim2MjW0Q==",
        "dependencies": {}
      },
      "combined-stream@1.0.8": {
        "integrity": "sha512-FQN4MRfuJeHf7cBbBMJFXhKSDq+2kAArBlmRBvcvFE5BB1HZKXtSFASDhdlz9zOYwxh8lDdnvmMOe/+5cdoEdg==",
        "dependencies": {
          "delayed-stream": "delayed-stream@1.0.0"
        }
      },
      "cssstyle@4.0.1": {
        "integrity": "sha512-8ZYiJ3A/3OkDd093CBT/0UKDWry7ak4BdPTFP2+QEP7cmhouyq/Up709ASSj2cK02BbZiMgk7kYjZNS4QP5qrQ==",
        "dependencies": {
          "rrweb-cssom": "rrweb-cssom@0.6.0"
        }
      },
      "data-urls@5.0.0": {
        "integrity": "sha512-ZYP5VBHshaDAiVZxjbRVcFJpc+4xGgT0bK3vzy1HLN8jTO975HEbuYzZJcHoQEY5K1a0z8YayJkyVETa08eNTg==",
        "dependencies": {
          "whatwg-mimetype": "whatwg-mimetype@4.0.0",
          "whatwg-url": "whatwg-url@14.0.0"
        }
      },
      "debug@4.3.4": {
        "integrity": "sha512-PRWFHuSU3eDtQJPvnNY7Jcket1j0t5OuOsFzPPzsekD52Zl8qUfFIPEiswXqIvHWGVHOgX+7G/vCNNhehwxfkQ==",
        "dependencies": {
          "ms": "ms@2.1.2"
        }
      },
      "decimal.js@10.4.3": {
        "integrity": "sha512-VBBaLc1MgL5XpzgIP7ny5Z6Nx3UrRkIViUkPUdtl9aya5amy3De1gsUUSB1g3+3sExYNjCAsAznmukyxCb1GRA==",
        "dependencies": {}
      },
      "delayed-stream@1.0.0": {
        "integrity": "sha512-ZySD7Nf91aLB0RxL4KGrKHBXl7Eds1DAmEdcoVawXnLD7SDhpNgtuII2aAkg7a7QS41jxPSZ17p4VdGnMHk3MQ==",
        "dependencies": {}
      },
      "entities@4.5.0": {
        "integrity": "sha512-V0hjH4dGPh9Ao5p0MoRY6BVqtwCjhz6vI5LT8AJ55H+4g9/4vbHx1I54fS0XuclLhDHArPQCiMjDxjaL8fPxhw==",
        "dependencies": {}
      },
      "form-data@4.0.0": {
        "integrity": "sha512-ETEklSGi5t0QMZuiXoA/Q6vcnxcLQP5vdugSpuAyi6SVGi2clPPp+xgEhuMaHC+zGgn31Kd235W35f7Hykkaww==",
        "dependencies": {
          "asynckit": "asynckit@0.4.0",
          "combined-stream": "combined-stream@1.0.8",
          "mime-types": "mime-types@2.1.35"
        }
      },
      "html-encoding-sniffer@4.0.0": {
        "integrity": "sha512-Y22oTqIU4uuPgEemfz7NDJz6OeKf12Lsu+QC+s3BVpda64lTiMYCyGwg5ki4vFxkMwQdeZDl2adZoqUgdFuTgQ==",
        "dependencies": {
          "whatwg-encoding": "whatwg-encoding@3.1.1"
        }
      },
      "http-proxy-agent@7.0.2": {
        "integrity": "sha512-T1gkAiYYDWYx3V5Bmyu7HcfcvL7mUrTWiM6yOfa3PIphViJ/gFPbvidQ+veqSOHci/PxBcDabeUNCzpOODJZig==",
        "dependencies": {
          "agent-base": "agent-base@7.1.0",
          "debug": "debug@4.3.4"
        }
      },
      "https-proxy-agent@7.0.4": {
        "integrity": "sha512-wlwpilI7YdjSkWaQ/7omYBMTliDcmCN8OLihO6I9B86g06lMyAoqgoDpV0XqoaPOKj+0DIdAvnsWfyAAhmimcg==",
        "dependencies": {
          "agent-base": "agent-base@7.1.0",
          "debug": "debug@4.3.4"
        }
      },
      "iconv-lite@0.6.3": {
        "integrity": "sha512-4fCk79wshMdzMp2rH06qWrJE4iolqLhCUH+OiuIgU++RB0+94NlDL81atO7GX55uUKueo0txHNtvEyI6D7WdMw==",
        "dependencies": {
          "safer-buffer": "safer-buffer@2.1.2"
        }
      },
      "is-potential-custom-element-name@1.0.1": {
        "integrity": "sha512-bCYeRA2rVibKZd+s2625gGnGF/t7DSqDs4dP7CrLA1m7jKWz6pps0LpYLJN8Q64HtmPKJ1hrN3nzPNKFEKOUiQ==",
        "dependencies": {}
      },
      "jsdom@24.0.0": {
        "integrity": "sha512-UDS2NayCvmXSXVP6mpTj+73JnNQadZlr9N68189xib2tx5Mls7swlTNao26IoHv46BZJFvXygyRtyXd1feAk1A==",
        "dependencies": {
          "cssstyle": "cssstyle@4.0.1",
          "data-urls": "data-urls@5.0.0",
          "decimal.js": "decimal.js@10.4.3",
          "form-data": "form-data@4.0.0",
          "html-encoding-sniffer": "html-encoding-sniffer@4.0.0",
          "http-proxy-agent": "http-proxy-agent@7.0.2",
          "https-proxy-agent": "https-proxy-agent@7.0.4",
          "is-potential-custom-element-name": "is-potential-custom-element-name@1.0.1",
          "nwsapi": "nwsapi@2.2.7",
          "parse5": "parse5@7.1.2",
          "rrweb-cssom": "rrweb-cssom@0.6.0",
          "saxes": "saxes@6.0.0",
          "symbol-tree": "symbol-tree@3.2.4",
          "tough-cookie": "tough-cookie@4.1.3",
          "w3c-xmlserializer": "w3c-xmlserializer@5.0.0",
          "webidl-conversions": "webidl-conversions@7.0.0",
          "whatwg-encoding": "whatwg-encoding@3.1.1",
          "whatwg-mimetype": "whatwg-mimetype@4.0.0",
          "whatwg-url": "whatwg-url@14.0.0",
          "ws": "ws@8.16.0",
          "xml-name-validator": "xml-name-validator@5.0.0"
        }
      },
      "mime-db@1.52.0": {
        "integrity": "sha512-sPU4uV7dYlvtWJxwwxHD0PuihVNiE7TyAbQ5SWxDCB9mUYvOgroQOwYQQOKPJ8CIbE+1ETVlOoK1UC2nU3gYvg==",
        "dependencies": {}
      },
      "mime-types@2.1.35": {
        "integrity": "sha512-ZDY+bPm5zTTF+YpCrAU9nK0UgICYPT0QtT1NZWFv4s++TNkcgVaT0g6+4R2uI4MjQjzysHB1zxuWL50hzaeXiw==",
        "dependencies": {
          "mime-db": "mime-db@1.52.0"
        }
      },
      "ms@2.1.2": {
        "integrity": "sha512-sGkPx+VjMtmA6MX27oA4FBFELFCZZ4S4XqeGOXCv68tT+jb3vk/RyaKWP0PTKyWtmLSM0b+adUTEvbs1PEaH2w==",
        "dependencies": {}
      },
      "nwsapi@2.2.7": {
        "integrity": "sha512-ub5E4+FBPKwAZx0UwIQOjYWGHTEq5sPqHQNRN8Z9e4A7u3Tj1weLJsL59yH9vmvqEtBHaOmT6cYQKIZOxp35FQ==",
        "dependencies": {}
      },
      "parse5@7.1.2": {
        "integrity": "sha512-Czj1WaSVpaoj0wbhMzLmWD69anp2WH7FXMB9n1Sy8/ZFF9jolSQVMu1Ij5WIyGmcBmhk7EOndpO4mIpihVqAXw==",
        "dependencies": {
          "entities": "entities@4.5.0"
        }
      },
      "psl@1.9.0": {
        "integrity": "sha512-E/ZsdU4HLs/68gYzgGTkMicWTLPdAftJLfJFlLUAAKZGkStNU72sZjT66SnMDVOfOWY/YAoiD7Jxa9iHvngcag==",
        "dependencies": {}
      },
      "punycode@2.3.1": {
        "integrity": "sha512-vYt7UD1U9Wg6138shLtLOvdAu+8DsC/ilFtEVHcH+wydcSpNE20AfSOduf6MkRFahL5FY7X1oU7nKVZFtfq8Fg==",
        "dependencies": {}
      },
      "querystringify@2.2.0": {
        "integrity": "sha512-FIqgj2EUvTa7R50u0rGsyTftzjYmv/a3hO345bZNrqabNqjtgiDMgmo4mkUjd+nzU5oF3dClKqFIPUKybUyqoQ==",
        "dependencies": {}
      },
      "requires-port@1.0.0": {
        "integrity": "sha512-KigOCHcocU3XODJxsu8i/j8T9tzT4adHiecwORRQ0ZZFcp7ahwXuRU1m+yuO90C5ZUyGeGfocHDI14M3L3yDAQ==",
        "dependencies": {}
      },
      "rrweb-cssom@0.6.0": {
        "integrity": "sha512-APM0Gt1KoXBz0iIkkdB/kfvGOwC4UuJFeG/c+yV7wSc7q96cG/kJ0HiYCnzivD9SB53cLV1MlHFNfOuPaadYSw==",
        "dependencies": {}
      },
      "safer-buffer@2.1.2": {
        "integrity": "sha512-YZo3K82SD7Riyi0E1EQPojLz7kpepnSQI9IyPbHHg1XXXevb5dJI7tpyN2ADxGcQbHG7vcyRHk0cbwqcQriUtg==",
        "dependencies": {}
      },
      "saxes@6.0.0": {
        "integrity": "sha512-xAg7SOnEhrm5zI3puOOKyy1OMcMlIJZYNJY7xLBwSze0UjhPLnWfj2GF2EpT0jmzaJKIWKHLsaSSajf35bcYnA==",
        "dependencies": {
          "xmlchars": "xmlchars@2.2.0"
        }
      },
      "symbol-tree@3.2.4": {
        "integrity": "sha512-9QNk5KwDF+Bvz+PyObkmSYjI5ksVUYtjW7AU22r2NKcfLJcXp96hkDWU3+XndOsUb+AQ9QhfzfCT2O+CNWT5Tw==",
        "dependencies": {}
      },
      "tough-cookie@4.1.3": {
        "integrity": "sha512-aX/y5pVRkfRnfmuX+OdbSdXvPe6ieKX/G2s7e98f4poJHnqH3281gDPm/metm6E/WRamfx7WC4HUqkWHfQHprw==",
        "dependencies": {
          "psl": "psl@1.9.0",
          "punycode": "punycode@2.3.1",
          "universalify": "universalify@0.2.0",
          "url-parse": "url-parse@1.5.10"
        }
      },
      "tr46@5.0.0": {
        "integrity": "sha512-tk2G5R2KRwBd+ZN0zaEXpmzdKyOYksXwywulIX95MBODjSzMIuQnQ3m8JxgbhnL1LeVo7lqQKsYa1O3Htl7K5g==",
        "dependencies": {
          "punycode": "punycode@2.3.1"
        }
      },
      "universalify@0.2.0": {
        "integrity": "sha512-CJ1QgKmNg3CwvAv/kOFmtnEN05f0D/cn9QntgNOQlQF9dgvVTHj3t+8JPdjqawCHk7V/KA+fbUqzZ9XWhcqPUg==",
        "dependencies": {}
      },
      "url-parse@1.5.10": {
        "integrity": "sha512-WypcfiRhfeUP9vvF0j6rw0J3hrWrw6iZv3+22h6iRMJ/8z1Tj6XfLP4DsUix5MhMPnXpiHDoKyoZ/bdCkwBCiQ==",
        "dependencies": {
          "querystringify": "querystringify@2.2.0",
          "requires-port": "requires-port@1.0.0"
        }
      },
      "w3c-xmlserializer@5.0.0": {
        "integrity": "sha512-o8qghlI8NZHU1lLPrpi2+Uq7abh4GGPpYANlalzWxyWteJOCsr/P+oPBA49TOLu5FTZO4d3F9MnWJfiMo4BkmA==",
        "dependencies": {
          "xml-name-validator": "xml-name-validator@5.0.0"
        }
      },
      "webidl-conversions@7.0.0": {
        "integrity": "sha512-VwddBukDzu71offAQR975unBIGqfKZpM+8ZX6ySk8nYhVoo5CYaZyzt3YBvYtRtO+aoGlqxPg/B87NGVZ/fu6g==",
        "dependencies": {}
      },
      "whatwg-encoding@3.1.1": {
        "integrity": "sha512-6qN4hJdMwfYBtE3YBTTHhoeuUrDBPZmbQaxWAqSALV/MeEnR5z1xd8UKud2RAkFoPkmB+hli1TZSnyi84xz1vQ==",
        "dependencies": {
          "iconv-lite": "iconv-lite@0.6.3"
        }
      },
      "whatwg-mimetype@4.0.0": {
        "integrity": "sha512-QaKxh0eNIi2mE9p2vEdzfagOKHCcj1pJ56EEHGQOVxp8r9/iszLUUV7v89x9O1p/T+NlTM5W7jW6+cz4Fq1YVg==",
        "dependencies": {}
      },
      "whatwg-url@14.0.0": {
        "integrity": "sha512-1lfMEm2IEr7RIV+f4lUNPOqfFL+pO+Xw3fJSqmjX9AbXcXcYOkCe1P6+9VBZB6n94af16NfZf+sSk0JCBZC9aw==",
        "dependencies": {
          "tr46": "tr46@5.0.0",
          "webidl-conversions": "webidl-conversions@7.0.0"
        }
      },
      "ws@8.16.0": {
        "integrity": "sha512-HS0c//TP7Ina87TfiPUz1rQzMhHrl/SG2guqRcTOIUYD2q8uhUdNHZYJUaQ8aTGPzCh+c6oawMKW35nFl1dxyQ==",
        "dependencies": {}
      },
      "xml-name-validator@5.0.0": {
        "integrity": "sha512-EvGK8EJ3DhaHfbRlETOWAS5pO9MZITeauHKJyb8wyajUfQUenkIg2MvLDTZ4T/TgIcm3HU0TFBgWWboAZ30UHg==",
        "dependencies": {}
      },
      "xmlchars@2.2.0": {
        "integrity": "sha512-JZnDKK8B0RCDw84FNdDAIpZK+JuJw+s7Lz8nksI7SIuU3UXJJslUthsi+uWBUYOwPFwW7W7PRLRfUKpxjtjFCw==",
        "dependencies": {}
      }
    }
  },
  "redirects": {
    "https://deno.land/x/deno_dom/deno-dom-wasm.ts": "https://deno.land/x/deno_dom@v0.1.45/deno-dom-wasm.ts",
    "https://esm.sh/jsdom": "https://esm.sh/jsdom@24.0.0",
    "https://esm.sh/linkedom": "https://esm.sh/linkedom@0.16.8",
    "https://esm.sh/v135/@types/jsdom@latest/index.d.ts": "https://esm.sh/v135/@types/jsdom@21.1.6/index.d.ts"
  },
  "remote": {
    "https://deno.land/x/deno_dom@v0.1.45/build/deno-wasm/deno-wasm.js": "d6841a06342eb6a2798ef28de79ad69c0f2fa349fa04d3ca45e5fcfbf50a9340",
    "https://deno.land/x/deno_dom@v0.1.45/deno-dom-wasm.ts": "a33d160421bbb6e3104285ea5ebf33352b7ad50d82ea8765e3cf65f972b25119",
    "https://deno.land/x/deno_dom@v0.1.45/src/api.ts": "0ff5790f0a3eeecb4e00b7d8fbfa319b165962cf6d0182a65ba90f158d74f7d7",
    "https://deno.land/x/deno_dom@v0.1.45/src/constructor-lock.ts": "59714df7e0571ec7bd338903b1f396202771a6d4d7f55a452936bd0de9deb186",
    "https://deno.land/x/deno_dom@v0.1.45/src/deserialize.ts": "1cf4096678d8afed8ed28dbad690504c4d2c28149ba768b26eacd1416873425b",
    "https://deno.land/x/deno_dom@v0.1.45/src/dom/document-fragment.ts": "1c7352a3c816587ed7fad574b42636198f680f17abc3836fcfe7799b31e7718f",
    "https://deno.land/x/deno_dom@v0.1.45/src/dom/document.ts": "a182727dd9179e5712e31be66f4f72b766a5b714c765a75950babe6dd756b4ee",
    "https://deno.land/x/deno_dom@v0.1.45/src/dom/dom-parser.ts": "609097b426f8c2358f3e5d2bca55ed026cf26cdf86562e94130dfdb0f2537f92",
    "https://deno.land/x/deno_dom@v0.1.45/src/dom/element.ts": "d5371cd83ff2128353c1975465c368ef83d7441568626b386557deba51315111",
    "https://deno.land/x/deno_dom@v0.1.45/src/dom/elements/html-template-element.ts": "740b97a5378c9a14cccf3429299846eda240b613013e2d2d7f20b393897453c2",
    "https://deno.land/x/deno_dom@v0.1.45/src/dom/html-collection.ts": "829a965f419f8286d5f43a12e27886d10836d519ca2d5e74cb3f2e1d35f35746",
    "https://deno.land/x/deno_dom@v0.1.45/src/dom/node-list.ts": "9008303fe236e40e74f9f93e398bd173d2e9b09065932a0153dd0142c759397b",
    "https://deno.land/x/deno_dom@v0.1.45/src/dom/node.ts": "3069e6fc93ac4111a136ed68199d76673339842b9751610ba06f111ba7dc10a7",
    "https://deno.land/x/deno_dom@v0.1.45/src/dom/selectors/custom-api.ts": "852696bd58e534bc41bd3be9e2250b60b67cd95fd28ed16b1deff1d548531a71",
    "https://deno.land/x/deno_dom@v0.1.45/src/dom/selectors/nwsapi-types.ts": "c43b36c36acc5d32caabaa54fda8c9d239b2b0fcbce9a28efb93c84aa1021698",
    "https://deno.land/x/deno_dom@v0.1.45/src/dom/selectors/nwsapi.js": "985d7d8fc1eabbb88946b47a1c44c1b2d4aa79ff23c21424219f1528fa27a2ff",
    "https://deno.land/x/deno_dom@v0.1.45/src/dom/selectors/selectors.ts": "83eab57be2290fb48e3130533448c93c6c61239f2a2f3b85f1917f80ca0fdc75",
    "https://deno.land/x/deno_dom@v0.1.45/src/dom/selectors/sizzle-types.ts": "78149e2502409989ce861ed636b813b059e16bc267bb543e7c2b26ef43e4798b",
    "https://deno.land/x/deno_dom@v0.1.45/src/dom/selectors/sizzle.js": "c3aed60c1045a106d8e546ac2f85cc82e65f62d9af2f8f515210b9212286682a",
    "https://deno.land/x/deno_dom@v0.1.45/src/dom/utils-types.ts": "96db30e3e4a75b194201bb9fa30988215da7f91b380fca6a5143e51ece2a8436",
    "https://deno.land/x/deno_dom@v0.1.45/src/dom/utils.ts": "4c6206516fb8f61f37a209c829e812c4f5a183e46d082934dd14c91bde939263",
    "https://deno.land/x/deno_dom@v0.1.45/src/parser.ts": "e06b2300d693e6ae7564e53dfa5c9a9e97fdb8c044c39c52c8b93b5d60860be3",
    "https://esm.sh/jsdom@24.0.0": "72d702fb9eb32561e3c2cd46ff37050ac220ec87fe4d09a175a9fca3db293b5d",
    "https://esm.sh/linkedom@0.16.8": "de3306d72b0f26e2925081e0a2a98c14071c3b11f8bd6c63ca9e69f3b8253baf",
    "https://esm.sh/v135/agent-base@7.1.0/denonext/agent-base.mjs": "0cfda332cb4694510eaeaa42dc88eed2223a9e6bed7352727a15ff163ee6b285",
    "https://esm.sh/v135/boolbase@1.0.0/denonext/boolbase.mjs": "4e3bd67e9b1c5c55094eae98345d0107c6a44ef57bd3d4b9579698fa44722280",
    "https://esm.sh/v135/bufferutil@4.0.8/denonext/bufferutil.mjs": "60a4618cbd1a5cb24935c55590b793d4ecb33862357d32e1d4614a0bbb90947f",
    "https://esm.sh/v135/canvas@2.11.2/denonext/canvas.mjs": "4245b1d01d91b5e807b85e40e98efe28c93634260bd8cb5ac0da71c42098a1a4",
    "https://esm.sh/v135/css-select@5.1.0/denonext/css-select.mjs": "7f4fb680eff2223a68fb5a1efa12e905077d7e6c44ae66c01fc437fe7af58f8b",
    "https://esm.sh/v135/css-what@6.1.0/denonext/css-what.mjs": "283d02df6fef73d3223b55324b559b363dd0e4c008ea1efbcf9f14b8f2642202",
    "https://esm.sh/v135/cssom@0.5.0/denonext/cssom.mjs": "c4216df78cba2c7be94853258b6b28c681e60ff89d4aeb3149b0ac91302be428",
    "https://esm.sh/v135/cssstyle@4.0.1/denonext/cssstyle.mjs": "7d9918fcb1d4b5c0e0497f941486f74bc3867aa442fefa445fb158ebba81ba37",
    "https://esm.sh/v135/data-urls@5.0.0/denonext/data-urls.mjs": "0a38da21608a5cf482ce7f18e78b24277fc6a63e58df0f3ec210b2810026ada5",
    "https://esm.sh/v135/debug@4.3.4/denonext/debug.mjs": "d2ebf776ea77aa7df1b4460eb2a4aab245a9d5b19f11fa1db25f756b350bae9d",
    "https://esm.sh/v135/decimal.js@10.4.3/denonext/decimal.mjs": "936c013da678f9d5160e9a3aa4dd9a458040fce5dc0afb582f0ce7aa6413d572",
    "https://esm.sh/v135/dom-serializer@2.0.0/denonext/dom-serializer.mjs": "700001f5fdb9f72fc7d1f169be700489ddd7f19489b58b6e8691ff1fca9000fe",
    "https://esm.sh/v135/domelementtype@2.3.0/denonext/domelementtype.mjs": "371936c356d5ac797f2ce3a66b98dfc73e6fff0e095b2858b85668e6ad7d10e0",
    "https://esm.sh/v135/domhandler@5.0.3/denonext/domhandler.mjs": "8c6e56c4596bbe7e9fd9d615f8fcdec7f11075f217bdc966a02ebe89c01b9f6f",
    "https://esm.sh/v135/domutils@3.1.0/denonext/domutils.mjs": "2a86554cc5f543a068bbf6ea6ed0647f4ad4c3ccb555f0da9fae09180cd7b611",
    "https://esm.sh/v135/entities@4.5.0/denonext/entities.mjs": "a9e8f9c22022c34755d1189030ac30c68545ccf8532fa32654c50fe9d90a13a1",
    "https://esm.sh/v135/entities@4.5.0/denonext/lib/decode.js": "7fea6d8bd725edbbf7ea05031d2ea1bbbc1166dc11e3345d541198dd2dc16f1e",
    "https://esm.sh/v135/entities@4.5.0/denonext/lib/escape.js": "7ebdc622bf3618bab25db40da4a49e2b9d03f044745f125f0bc3359f2d060def",
    "https://esm.sh/v135/form-data@4.0.0/denonext/form-data.mjs": "48e84ac3b590bc364839367938d7e48ca37615a0c66e56dcc7356c3172ec7790",
    "https://esm.sh/v135/html-encoding-sniffer@4.0.0/denonext/html-encoding-sniffer.mjs": "0063fd0b31101a12f0247fadb3ec62588abf656c34d6fea04cec631e40407593",
    "https://esm.sh/v135/htmlparser2@9.1.0/denonext/htmlparser2.mjs": "e5186144ca1dd8829bda984fd778500356f241597c67e2c674213c684168e985",
    "https://esm.sh/v135/http-proxy-agent@7.0.0/denonext/http-proxy-agent.mjs": "bc9d6f7fa1d817857b0e58776a924966fa7f93448db13e6f6d572a8049b8928c",
    "https://esm.sh/v135/https-proxy-agent@7.0.2/denonext/https-proxy-agent.mjs": "2820b2c86a978463ff9f5378a78a51130c67d83d66e3ee42137a2016cce88e80",
    "https://esm.sh/v135/iconv-lite@0.6.3/denonext/iconv-lite.mjs": "768e37377191ab3c7414bbb15fce202a328c411da0429764984c79b8bc65abd4",
    "https://esm.sh/v135/is-potential-custom-element-name@1.0.1/denonext/is-potential-custom-element-name.mjs": "de2781ef99795b662f43c0840c3dcfdc303f9e60a75e66924370f902133469ed",
    "https://esm.sh/v135/jsdom@24.0.0/denonext/jsdom.mjs": "50221963e3cbda127ebc83da8ce35f43e5b0a67a59eb5d4a6984aecbb5056106",
    "https://esm.sh/v135/linkedom@0.16.8/denonext/linkedom.mjs": "b3151e7f5c113d9727668b44d35103d21f076df761af0936d97c576658b14422",
    "https://esm.sh/v135/ms@2.1.2/denonext/ms.mjs": "aa4dc45ba72554c5011168f8910cc646c37af53cfff1a15a4decced838b8eb14",
    "https://esm.sh/v135/node-gyp-build@4.6.1/denonext/node-gyp-build.mjs": "5d28b312f145a6cb2ec0dbdd80a7d34c0e0e6b5dcada65411d8bcff6c8991cc6",
    "https://esm.sh/v135/nth-check@2.1.1/denonext/nth-check.mjs": "638b4f5a22236cd05c7d1d43e5c6ea719695c4a8bc7beccdf8d97a434bea96dc",
    "https://esm.sh/v135/nwsapi@2.2.7/denonext/nwsapi.mjs": "0fbf1a70adddb4cea42e3ec72655fdf732ceedb4efc3b7b9c04c1ee5a3dce537",
    "https://esm.sh/v135/parse5@7.1.2/denonext/parse5.mjs": "35bb04ec36a1c25c8cd8137296d64d16fd523a8ad1c2b63c41ba867fcd455c36",
    "https://esm.sh/v135/psl@1.9.0/denonext/psl.mjs": "f40e9bcba5f6602eeb677f85f8e2b5c24b706bade58ced5b272044ebea609d9b",
    "https://esm.sh/v135/querystringify@2.2.0/denonext/querystringify.mjs": "4f0f639f99ec4a7ddaffb886bd7e6f3fe4b088e1fcd60336dd10d447d2093ef6",
    "https://esm.sh/v135/requires-port@1.0.0/denonext/requires-port.mjs": "c4f20b71539d08fc2662d75dfd79881fce985a0e4592268f18ac13bf53679efa",
    "https://esm.sh/v135/rrweb-cssom@0.6.0/denonext/rrweb-cssom.mjs": "e2a14692d801a24edadd3fd4ecdf017382494258064134e33390a6bf1146950d",
    "https://esm.sh/v135/safer-buffer@2.1.2/denonext/safer-buffer.mjs": "ce0e787812c668ba082ad5b75958490c714b6e05836bd5b6013d9f75727c006f",
    "https://esm.sh/v135/saxes@6.0.0/denonext/saxes.mjs": "c788baa838835a5122681fee10909b16677ef3574fffd610a0c980321a95302d",
    "https://esm.sh/v135/symbol-tree@3.2.4/denonext/symbol-tree.mjs": "67199d1e47bd6e5b7d2715dd04d25658061c95fc4464f7d200b6aab9e439b5f4",
    "https://esm.sh/v135/tough-cookie@4.1.3/denonext/tough-cookie.mjs": "7a447feec9dd2fafda251963738b91a7ed4608c5f011bce15147022fc9071bac",
    "https://esm.sh/v135/tr46@5.0.0/denonext/tr46.mjs": "66ea6f0789e30702596b0c5d0c2c2ae3e511aab829bb5b696938f61cd309e0dd",
    "https://esm.sh/v135/uhyphen@0.2.0/denonext/uhyphen.mjs": "53c707ad31488ef2f131e2ac9257d91b7b590a777e60288a34b3a04f1e65ad5a",
    "https://esm.sh/v135/universalify@0.2.0/denonext/universalify.mjs": "6ebb2a9b372d4ae89f494d9b0044942dc76a5b5fb366ab3018e2bf0aeb8eae94",
    "https://esm.sh/v135/url-parse@1.5.10/denonext/url-parse.mjs": "10fa48a00b5d02da3cbe666df4a6e7f57d81d178cda8beff676ffc8cfd9ea7a1",
    "https://esm.sh/v135/utf-8-validate@6.0.3/denonext/utf-8-validate.mjs": "410c48d66840e987e474a4849cd25829817415cedd25466280effb1287d05aa5",
    "https://esm.sh/v135/w3c-xmlserializer@5.0.0/denonext/w3c-xmlserializer.mjs": "62d486ecdf81d34bf972d00aae02e3bff998aafcfd2bdef73060c171e64277ce",
    "https://esm.sh/v135/webidl-conversions@7.0.0/denonext/webidl-conversions.mjs": "04e3e6917179380727c6f65cd16a5a89836fb5a104fe5524c10a0a697f88d552",
    "https://esm.sh/v135/whatwg-encoding@3.1.1/denonext/whatwg-encoding.mjs": "ecb7f2fe9fe4686e801ffaf4fa924e5860cbc3d07594a89e639d5c2ed20ca067",
    "https://esm.sh/v135/whatwg-mimetype@4.0.0/denonext/whatwg-mimetype.mjs": "52577070194b4b1ebc78e6e9b457a078ca28d6f8477457bce914da555d92a5bb",
    "https://esm.sh/v135/whatwg-url@14.0.0/denonext/webidl2js-wrapper.js": "0cbda10a2d527e2144a35c70d997736e1bba16c9b9a547a59b848ebe21a4c9d0",
    "https://esm.sh/v135/whatwg-url@14.0.0/denonext/whatwg-url.mjs": "bd2aa23a676f3cfb590dc03f3b1b9afbfa0f41806714a65880ecc75c01b1d6a6",
    "https://esm.sh/v135/ws@8.16.0/denonext/ws.mjs": "0fa0c00b69577ba36d0a36001329b2cec91498cb2e33e329fc76aa6d51a0d54d",
    "https://esm.sh/v135/xml-name-validator@5.0.0/denonext/xml-name-validator.mjs": "a6e6944763a721d5fd93a1a8fef6a35eb49e929d63e208440848c6a2a8055dcd",
    "https://esm.sh/v135/xmlchars@2.2.0/denonext/xml/1.0/ed5.js": "60f8f018eb1d79d69a41324155b7d9f52f1058b37060b28acc1dfc49446e549d",
    "https://esm.sh/v135/xmlchars@2.2.0/denonext/xml/1.1/ed2.js": "ba7d1fe5694f62469c4b293a1fadad332c637cbcfbc74147a296475c2ff8ad3d",
    "https://esm.sh/v135/xmlchars@2.2.0/denonext/xmlns/1.0/ed3.js": "929d15ffc72d56c8909f87e7df8288f060bda0256622e8e95c24f0decb06adc7"
  },
  "workspace": {
    "dependencies": [
      "npm:jsdom"
    ]
  }
}
